// !$*UTF8*$!
{
	archiveVersion = 1;
	classes = {
	};
	objectVersion = 51;
	objects = {

/* Begin PBXBuildFile section */
		1077D12522B4EDAE0064138F /* AppDelegate.swift in Sources */ = {isa = PBXBuildFile; fileRef = 1077D12422B4EDAE0064138F /* AppDelegate.swift */; };
		1077D12722B4EDAE0064138F /* ViewController.swift in Sources */ = {isa = PBXBuildFile; fileRef = 1077D12622B4EDAE0064138F /* ViewController.swift */; };
		1077D12A22B4EDAE0064138F /* Main.storyboard in Resources */ = {isa = PBXBuildFile; fileRef = 1077D12822B4EDAE0064138F /* Main.storyboard */; };
		1077D12C22B4EDAF0064138F /* Assets.xcassets in Resources */ = {isa = PBXBuildFile; fileRef = 1077D12B22B4EDAF0064138F /* Assets.xcassets */; };
		1077D12F22B4EDAF0064138F /* LaunchScreen.storyboard in Resources */ = {isa = PBXBuildFile; fileRef = 1077D12D22B4EDAF0064138F /* LaunchScreen.storyboard */; };
		1077D13A22B4EE430064138F /* Login.xib in Resources */ = {isa = PBXBuildFile; fileRef = 1077D13922B4EE430064138F /* Login.xib */; };
		1077D13C22B4EE550064138F /* Login.swift in Sources */ = {isa = PBXBuildFile; fileRef = 1077D13B22B4EE550064138F /* Login.swift */; };
		1077D13E22B4EE680064138F /* Register.xib in Resources */ = {isa = PBXBuildFile; fileRef = 1077D13D22B4EE680064138F /* Register.xib */; };
		1077D14022B4EE7B0064138F /* Register.swift in Sources */ = {isa = PBXBuildFile; fileRef = 1077D13F22B4EE7B0064138F /* Register.swift */; };
		1077D14222B4EEF10064138F /* ChangeProfile.xib in Resources */ = {isa = PBXBuildFile; fileRef = 1077D14122B4EEF10064138F /* ChangeProfile.xib */; };
		1077D14422B4EF0F0064138F /* ChangeProfile.swift in Sources */ = {isa = PBXBuildFile; fileRef = 1077D14322B4EF0F0064138F /* ChangeProfile.swift */; };
		1077D14822B4EFA40064138F /* ActivityView.xib in Resources */ = {isa = PBXBuildFile; fileRef = 1077D14722B4EFA40064138F /* ActivityView.xib */; };
		1077D14A22B4EFBE0064138F /* ActivityView.swift in Sources */ = {isa = PBXBuildFile; fileRef = 1077D14922B4EFBE0064138F /* ActivityView.swift */; };
		1077D14C22B4EFF40064138F /* CreatePost.xib in Resources */ = {isa = PBXBuildFile; fileRef = 1077D14B22B4EFF40064138F /* CreatePost.xib */; };
		1077D14E22B4F0040064138F /* CreatePost.swift in Sources */ = {isa = PBXBuildFile; fileRef = 1077D14D22B4F0040064138F /* CreatePost.swift */; };
		1077D15022B4F01C0064138F /* AllPosts.xib in Resources */ = {isa = PBXBuildFile; fileRef = 1077D14F22B4F01C0064138F /* AllPosts.xib */; };
		1077D15222B4F02C0064138F /* AllPosts.swift in Sources */ = {isa = PBXBuildFile; fileRef = 1077D15122B4F02C0064138F /* AllPosts.swift */; };
		1077D15422B4F1120064138F /* ReadPost.xib in Resources */ = {isa = PBXBuildFile; fileRef = 1077D15322B4F1120064138F /* ReadPost.xib */; };
		1077D15622B4F1230064138F /* ReadPost.swift in Sources */ = {isa = PBXBuildFile; fileRef = 1077D15522B4F1230064138F /* ReadPost.swift */; };
		1077D15922B4F1670064138F /* UserProtocols.swift in Sources */ = {isa = PBXBuildFile; fileRef = 1077D15822B4F1670064138F /* UserProtocols.swift */; };
		10CED5B622B52A9E001EF3D1 /* PostViewController.swift in Sources */ = {isa = PBXBuildFile; fileRef = 10CED5B522B52A9E001EF3D1 /* PostViewController.swift */; };
		10CED5BB22B52B21001EF3D1 /* MainCoordinator.swift in Sources */ = {isa = PBXBuildFile; fileRef = 10CED5BA22B52B21001EF3D1 /* MainCoordinator.swift */; };
		10CED5BD22B52BAA001EF3D1 /* ViewLoader.swift in Sources */ = {isa = PBXBuildFile; fileRef = 10CED5BC22B52BAA001EF3D1 /* ViewLoader.swift */; };
		10CED5C022B52D87001EF3D1 /* AllViews.swift in Sources */ = {isa = PBXBuildFile; fileRef = 10CED5BF22B52D87001EF3D1 /* AllViews.swift */; };
		10CED5C222B52E57001EF3D1 /* UserViewController.swift in Sources */ = {isa = PBXBuildFile; fileRef = 10CED5C122B52E57001EF3D1 /* UserViewController.swift */; };
		10CED5C422B545F0001EF3D1 /* Login2.swift in Sources */ = {isa = PBXBuildFile; fileRef = 10CED5C322B545F0001EF3D1 /* Login2.swift */; };
		10CED5C622B54610001EF3D1 /* Login2.xib in Resources */ = {isa = PBXBuildFile; fileRef = 10CED5C522B54610001EF3D1 /* Login2.xib */; };
		BB9E38983F2ECA50E467DF06 /* Pods_CoordinatorPattern.framework in Frameworks */ = {isa = PBXBuildFile; fileRef = F206C07288C712F748CF6E6D /* Pods_CoordinatorPattern.framework */; };
/* End PBXBuildFile section */

/* Begin PBXFileReference section */
		1077D12122B4EDAD0064138F /* CoordinatorPattern.app */ = {isa = PBXFileReference; explicitFileType = wrapper.application; includeInIndex = 0; path = CoordinatorPattern.app; sourceTree = BUILT_PRODUCTS_DIR; };
		1077D12422B4EDAE0064138F /* AppDelegate.swift */ = {isa = PBXFileReference; lastKnownFileType = sourcecode.swift; path = AppDelegate.swift; sourceTree = "<group>"; };
		1077D12622B4EDAE0064138F /* ViewController.swift */ = {isa = PBXFileReference; lastKnownFileType = sourcecode.swift; path = ViewController.swift; sourceTree = "<group>"; };
		1077D12922B4EDAE0064138F /* Base */ = {isa = PBXFileReference; lastKnownFileType = file.storyboard; name = Base; path = Base.lproj/Main.storyboard; sourceTree = "<group>"; };
		1077D12B22B4EDAF0064138F /* Assets.xcassets */ = {isa = PBXFileReference; lastKnownFileType = folder.assetcatalog; path = Assets.xcassets; sourceTree = "<group>"; };
		1077D12E22B4EDAF0064138F /* Base */ = {isa = PBXFileReference; lastKnownFileType = file.storyboard; name = Base; path = Base.lproj/LaunchScreen.storyboard; sourceTree = "<group>"; };
		1077D13022B4EDAF0064138F /* Info.plist */ = {isa = PBXFileReference; lastKnownFileType = text.plist.xml; path = Info.plist; sourceTree = "<group>"; };
		1077D13922B4EE430064138F /* Login.xib */ = {isa = PBXFileReference; lastKnownFileType = file.xib; path = Login.xib; sourceTree = "<group>"; };
		1077D13B22B4EE550064138F /* Login.swift */ = {isa = PBXFileReference; lastKnownFileType = sourcecode.swift; path = Login.swift; sourceTree = "<group>"; };
		1077D13D22B4EE680064138F /* Register.xib */ = {isa = PBXFileReference; lastKnownFileType = file.xib; path = Register.xib; sourceTree = "<group>"; };
		1077D13F22B4EE7B0064138F /* Register.swift */ = {isa = PBXFileReference; lastKnownFileType = sourcecode.swift; path = Register.swift; sourceTree = "<group>"; };
		1077D14122B4EEF10064138F /* ChangeProfile.xib */ = {isa = PBXFileReference; lastKnownFileType = file.xib; path = ChangeProfile.xib; sourceTree = "<group>"; };
		1077D14322B4EF0F0064138F /* ChangeProfile.swift */ = {isa = PBXFileReference; lastKnownFileType = sourcecode.swift; path = ChangeProfile.swift; sourceTree = "<group>"; };
		1077D14722B4EFA40064138F /* ActivityView.xib */ = {isa = PBXFileReference; lastKnownFileType = file.xib; path = ActivityView.xib; sourceTree = "<group>"; };
		1077D14922B4EFBE0064138F /* ActivityView.swift */ = {isa = PBXFileReference; lastKnownFileType = sourcecode.swift; path = ActivityView.swift; sourceTree = "<group>"; };
		1077D14B22B4EFF40064138F /* CreatePost.xib */ = {isa = PBXFileReference; lastKnownFileType = file.xib; path = CreatePost.xib; sourceTree = "<group>"; };
		1077D14D22B4F0040064138F /* CreatePost.swift */ = {isa = PBXFileReference; lastKnownFileType = sourcecode.swift; path = CreatePost.swift; sourceTree = "<group>"; };
		1077D14F22B4F01C0064138F /* AllPosts.xib */ = {isa = PBXFileReference; lastKnownFileType = file.xib; path = AllPosts.xib; sourceTree = "<group>"; };
		1077D15122B4F02C0064138F /* AllPosts.swift */ = {isa = PBXFileReference; lastKnownFileType = sourcecode.swift; path = AllPosts.swift; sourceTree = "<group>"; };
		1077D15322B4F1120064138F /* ReadPost.xib */ = {isa = PBXFileReference; lastKnownFileType = file.xib; path = ReadPost.xib; sourceTree = "<group>"; };
		1077D15522B4F1230064138F /* ReadPost.swift */ = {isa = PBXFileReference; lastKnownFileType = sourcecode.swift; path = ReadPost.swift; sourceTree = "<group>"; };
		1077D15822B4F1670064138F /* UserProtocols.swift */ = {isa = PBXFileReference; lastKnownFileType = sourcecode.swift; path = UserProtocols.swift; sourceTree = "<group>"; };
		10CED5B522B52A9E001EF3D1 /* PostViewController.swift */ = {isa = PBXFileReference; lastKnownFileType = sourcecode.swift; path = PostViewController.swift; sourceTree = "<group>"; };
		10CED5BA22B52B21001EF3D1 /* MainCoordinator.swift */ = {isa = PBXFileReference; lastKnownFileType = sourcecode.swift; name = MainCoordinator.swift; path = CoordinatorPattern/MyRules/Coordinator/MainCoordinator.swift; sourceTree = SOURCE_ROOT; };
		10CED5BC22B52BAA001EF3D1 /* ViewLoader.swift */ = {isa = PBXFileReference; lastKnownFileType = sourcecode.swift; path = ViewLoader.swift; sourceTree = "<group>"; };
		10CED5BF22B52D87001EF3D1 /* AllViews.swift */ = {isa = PBXFileReference; lastKnownFileType = sourcecode.swift; path = AllViews.swift; sourceTree = "<group>"; };
		10CED5C122B52E57001EF3D1 /* UserViewController.swift */ = {isa = PBXFileReference; lastKnownFileType = sourcecode.swift; path = UserViewController.swift; sourceTree = "<group>"; };
		10CED5C322B545F0001EF3D1 /* Login2.swift */ = {isa = PBXFileReference; lastKnownFileType = sourcecode.swift; path = Login2.swift; sourceTree = "<group>"; };
		10CED5C522B54610001EF3D1 /* Login2.xib */ = {isa = PBXFileReference; lastKnownFileType = file.xib; path = Login2.xib; sourceTree = "<group>"; };
		672A934F6EDFC039F45C46EE /* Pods-CoordinatorPattern.debug.xcconfig */ = {isa = PBXFileReference; includeInIndex = 1; lastKnownFileType = text.xcconfig; name = "Pods-CoordinatorPattern.debug.xcconfig"; path = "Target Support Files/Pods-CoordinatorPattern/Pods-CoordinatorPattern.debug.xcconfig"; sourceTree = "<group>"; };
		90511C936ED1449B334A9060 /* Pods-CoordinatorPattern.release.xcconfig */ = {isa = PBXFileReference; includeInIndex = 1; lastKnownFileType = text.xcconfig; name = "Pods-CoordinatorPattern.release.xcconfig"; path = "Target Support Files/Pods-CoordinatorPattern/Pods-CoordinatorPattern.release.xcconfig"; sourceTree = "<group>"; };
		F206C07288C712F748CF6E6D /* Pods_CoordinatorPattern.framework */ = {isa = PBXFileReference; explicitFileType = wrapper.framework; includeInIndex = 0; path = Pods_CoordinatorPattern.framework; sourceTree = BUILT_PRODUCTS_DIR; };
/* End PBXFileReference section */

/* Begin PBXFrameworksBuildPhase section */
		1077D11E22B4EDAD0064138F /* Frameworks */ = {
			isa = PBXFrameworksBuildPhase;
			buildActionMask = 2147483647;
			files = (
				BB9E38983F2ECA50E467DF06 /* Pods_CoordinatorPattern.framework in Frameworks */,
			);
			runOnlyForDeploymentPostprocessing = 0;
		};
/* End PBXFrameworksBuildPhase section */

/* Begin PBXGroup section */
		1077D11822B4EDAD0064138F = {
			isa = PBXGroup;
			children = (
				1077D12322B4EDAD0064138F /* CoordinatorPattern */,
				1077D12222B4EDAD0064138F /* Products */,
				FBC14D9123BEFE7F3318D9B9 /* Pods */,
				A56287357BAC1B12D8DD8DF8 /* Frameworks */,
			);
			sourceTree = "<group>";
		};
		1077D12222B4EDAD0064138F /* Products */ = {
			isa = PBXGroup;
			children = (
				1077D12122B4EDAD0064138F /* CoordinatorPattern.app */,
			);
			name = Products;
			sourceTree = "<group>";
		};
		1077D12322B4EDAD0064138F /* CoordinatorPattern */ = {
			isa = PBXGroup;
			children = (
				10CED5B722B52AD1001EF3D1 /* MyRules */,
				1077D15722B4F1480064138F /* Protocols */,
				1077D13822B4EDF10064138F /* Views */,
				1077D13722B4EDE70064138F /* Coordinator */,
				1077D13622B4EDDC0064138F /* Router */,
				1077D12422B4EDAE0064138F /* AppDelegate.swift */,
				1077D12622B4EDAE0064138F /* ViewController.swift */,
				1077D12822B4EDAE0064138F /* Main.storyboard */,
				1077D12B22B4EDAF0064138F /* Assets.xcassets */,
				1077D12D22B4EDAF0064138F /* LaunchScreen.storyboard */,
				1077D13022B4EDAF0064138F /* Info.plist */,
			);
			path = CoordinatorPattern;
			sourceTree = "<group>";
		};
		1077D13622B4EDDC0064138F /* Router */ = {
			isa = PBXGroup;
			children = (
			);
			path = Router;
			sourceTree = "<group>";
		};
		1077D13722B4EDE70064138F /* Coordinator */ = {
			isa = PBXGroup;
			children = (
			);
			path = Coordinator;
			sourceTree = "<group>";
		};
		1077D13822B4EDF10064138F /* Views */ = {
			isa = PBXGroup;
			children = (
				1077D14622B4EF600064138F /* PostView */,
				1077D14522B4EF4F0064138F /* UserView */,
			);
			path = Views;
			sourceTree = "<group>";
		};
		1077D14522B4EF4F0064138F /* UserView */ = {
			isa = PBXGroup;
			children = (
				1077D13922B4EE430064138F /* Login.xib */,
				1077D13B22B4EE550064138F /* Login.swift */,
				1077D13D22B4EE680064138F /* Register.xib */,
				1077D13F22B4EE7B0064138F /* Register.swift */,
				1077D14122B4EEF10064138F /* ChangeProfile.xib */,
				1077D14322B4EF0F0064138F /* ChangeProfile.swift */,
				1077D14722B4EFA40064138F /* ActivityView.xib */,
				1077D14922B4EFBE0064138F /* ActivityView.swift */,
				10CED5C322B545F0001EF3D1 /* Login2.swift */,
				10CED5C522B54610001EF3D1 /* Login2.xib */,
				10CED5C122B52E57001EF3D1 /* UserViewController.swift */,
			);
			path = UserView;
			sourceTree = "<group>";
		};
		1077D14622B4EF600064138F /* PostView */ = {
			isa = PBXGroup;
			children = (
				1077D14B22B4EFF40064138F /* CreatePost.xib */,
				1077D14D22B4F0040064138F /* CreatePost.swift */,
				1077D14F22B4F01C0064138F /* AllPosts.xib */,
				1077D15122B4F02C0064138F /* AllPosts.swift */,
				1077D15322B4F1120064138F /* ReadPost.xib */,
				1077D15522B4F1230064138F /* ReadPost.swift */,
				10CED5B522B52A9E001EF3D1 /* PostViewController.swift */,
			);
			path = PostView;
			sourceTree = "<group>";
		};
		1077D15722B4F1480064138F /* Protocols */ = {
			isa = PBXGroup;
			children = (
				1077D15822B4F1670064138F /* UserProtocols.swift */,
			);
			path = Protocols;
			sourceTree = "<group>";
		};
		10CED5B722B52AD1001EF3D1 /* MyRules */ = {
			isa = PBXGroup;
			children = (
				10CED5B822B52ADD001EF3D1 /* Coordinator */,
				10CED5BC22B52BAA001EF3D1 /* ViewLoader.swift */,
				10CED5BF22B52D87001EF3D1 /* AllViews.swift */,
			);
			path = MyRules;
			sourceTree = "<group>";
		};
		10CED5B822B52ADD001EF3D1 /* Coordinator */ = {
			isa = PBXGroup;
			children = (
				10CED5BA22B52B21001EF3D1 /* MainCoordinator.swift */,
			);
			path = Coordinator;
			sourceTree = "<group>";
		};
		A56287357BAC1B12D8DD8DF8 /* Frameworks */ = {
			isa = PBXGroup;
			children = (
				F206C07288C712F748CF6E6D /* Pods_CoordinatorPattern.framework */,
			);
			name = Frameworks;
			sourceTree = "<group>";
		};
		FBC14D9123BEFE7F3318D9B9 /* Pods */ = {
			isa = PBXGroup;
			children = (
				672A934F6EDFC039F45C46EE /* Pods-CoordinatorPattern.debug.xcconfig */,
				90511C936ED1449B334A9060 /* Pods-CoordinatorPattern.release.xcconfig */,
			);
			path = Pods;
			sourceTree = "<group>";
		};
/* End PBXGroup section */

/* Begin PBXNativeTarget section */
		1077D12022B4EDAD0064138F /* CoordinatorPattern */ = {
			isa = PBXNativeTarget;
			buildConfigurationList = 1077D13322B4EDAF0064138F /* Build configuration list for PBXNativeTarget "CoordinatorPattern" */;
			buildPhases = (
				2DF1F1EC4EF20652843E7AA3 /* [CP] Check Pods Manifest.lock */,
				1077D11D22B4EDAD0064138F /* Sources */,
				1077D11E22B4EDAD0064138F /* Frameworks */,
				1077D11F22B4EDAD0064138F /* Resources */,
				8E0CC284EDA464219B07F100 /* [CP] Embed Pods Frameworks */,
			);
			buildRules = (
			);
			dependencies = (
			);
			name = CoordinatorPattern;
			productName = CoordinatorPattern;
			productReference = 1077D12122B4EDAD0064138F /* CoordinatorPattern.app */;
			productType = "com.apple.product-type.application";
		};
/* End PBXNativeTarget section */

/* Begin PBXProject section */
		1077D11922B4EDAD0064138F /* Project object */ = {
			isa = PBXProject;
			attributes = {
				LastSwiftUpdateCheck = 1020;
				LastUpgradeCheck = 1020;
				ORGANIZATIONNAME = OSX;
				TargetAttributes = {
					1077D12022B4EDAD0064138F = {
						CreatedOnToolsVersion = 10.2.1;
					};
				};
			};
			buildConfigurationList = 1077D11C22B4EDAD0064138F /* Build configuration list for PBXProject "CoordinatorPattern" */;
			compatibilityVersion = "Xcode 9.3";
			developmentRegion = en;
			hasScannedForEncodings = 0;
			knownRegions = (
				en,
				Base,
			);
			mainGroup = 1077D11822B4EDAD0064138F;
			productRefGroup = 1077D12222B4EDAD0064138F /* Products */;
			projectDirPath = "";
			projectRoot = "";
			targets = (
				1077D12022B4EDAD0064138F /* CoordinatorPattern */,
			);
		};
/* End PBXProject section */

/* Begin PBXResourcesBuildPhase section */
		1077D11F22B4EDAD0064138F /* Resources */ = {
			isa = PBXResourcesBuildPhase;
			buildActionMask = 2147483647;
			files = (
				1077D13E22B4EE680064138F /* Register.xib in Resources */,
				10CED5C622B54610001EF3D1 /* Login2.xib in Resources */,
				1077D14C22B4EFF40064138F /* CreatePost.xib in Resources */,
				1077D14222B4EEF10064138F /* ChangeProfile.xib in Resources */,
				1077D15022B4F01C0064138F /* AllPosts.xib in Resources */,
				1077D12F22B4EDAF0064138F /* LaunchScreen.storyboard in Resources */,
				1077D15422B4F1120064138F /* ReadPost.xib in Resources */,
				1077D12C22B4EDAF0064138F /* Assets.xcassets in Resources */,
				1077D12A22B4EDAE0064138F /* Main.storyboard in Resources */,
				1077D14822B4EFA40064138F /* ActivityView.xib in Resources */,
				1077D13A22B4EE430064138F /* Login.xib in Resources */,
			);
			runOnlyForDeploymentPostprocessing = 0;
		};
/* End PBXResourcesBuildPhase section */

/* Begin PBXShellScriptBuildPhase section */
		2DF1F1EC4EF20652843E7AA3 /* [CP] Check Pods Manifest.lock */ = {
			isa = PBXShellScriptBuildPhase;
			buildActionMask = 2147483647;
			files = (
			);
			inputFileListPaths = (
			);
			inputPaths = (
				"${PODS_PODFILE_DIR_PATH}/Podfile.lock",
				"${PODS_ROOT}/Manifest.lock",
			);
			name = "[CP] Check Pods Manifest.lock";
			outputFileListPaths = (
			);
			outputPaths = (
				"$(DERIVED_FILE_DIR)/Pods-CoordinatorPattern-checkManifestLockResult.txt",
			);
			runOnlyForDeploymentPostprocessing = 0;
			shellPath = /bin/sh;
			shellScript = "diff \"${PODS_PODFILE_DIR_PATH}/Podfile.lock\" \"${PODS_ROOT}/Manifest.lock\" > /dev/null\nif [ $? != 0 ] ; then\n    # print error to STDERR\n    echo \"error: The sandbox is not in sync with the Podfile.lock. Run 'pod install' or update your CocoaPods installation.\" >&2\n    exit 1\nfi\n# This output is used by Xcode 'outputs' to avoid re-running this script phase.\necho \"SUCCESS\" > \"${SCRIPT_OUTPUT_FILE_0}\"\n";
			showEnvVarsInLog = 0;
		};
		8E0CC284EDA464219B07F100 /* [CP] Embed Pods Frameworks */ = {
			isa = PBXShellScriptBuildPhase;
			buildActionMask = 2147483647;
			files = (
			);
			inputFileListPaths = (
				"${PODS_ROOT}/Target Support Files/Pods-CoordinatorPattern/Pods-CoordinatorPattern-frameworks-${CONFIGURATION}-input-files.xcfilelist",
			);
			name = "[CP] Embed Pods Frameworks";
			outputFileListPaths = (
				"${PODS_ROOT}/Target Support Files/Pods-CoordinatorPattern/Pods-CoordinatorPattern-frameworks-${CONFIGURATION}-output-files.xcfilelist",
			);
			runOnlyForDeploymentPostprocessing = 0;
			shellPath = /bin/sh;
			shellScript = "\"${PODS_ROOT}/Target Support Files/Pods-CoordinatorPattern/Pods-CoordinatorPattern-frameworks.sh\"\n";
			showEnvVarsInLog = 0;
		};
/* End PBXShellScriptBuildPhase section */

/* Begin PBXSourcesBuildPhase section */
		1077D11D22B4EDAD0064138F /* Sources */ = {
			isa = PBXSourcesBuildPhase;
			buildActionMask = 2147483647;
			files = (
				1077D14E22B4F0040064138F /* CreatePost.swift in Sources */,
				10CED5C222B52E57001EF3D1 /* UserViewController.swift in Sources */,
				10CED5C422B545F0001EF3D1 /* Login2.swift in Sources */,
				10CED5BB22B52B21001EF3D1 /* MainCoordinator.swift in Sources */,
				1077D14422B4EF0F0064138F /* ChangeProfile.swift in Sources */,
				1077D13C22B4EE550064138F /* Login.swift in Sources */,
				1077D15222B4F02C0064138F /* AllPosts.swift in Sources */,
				1077D12722B4EDAE0064138F /* ViewController.swift in Sources */,
				1077D14022B4EE7B0064138F /* Register.swift in Sources */,
				1077D15922B4F1670064138F /* UserProtocols.swift in Sources */,
				1077D15622B4F1230064138F /* ReadPost.swift in Sources */,
				1077D12522B4EDAE0064138F /* AppDelegate.swift in Sources */,
				1077D14A22B4EFBE0064138F /* ActivityView.swift in Sources */,
				10CED5BD22B52BAA001EF3D1 /* ViewLoader.swift in Sources */,
				10CED5C022B52D87001EF3D1 /* AllViews.swift in Sources */,
				10CED5B622B52A9E001EF3D1 /* PostViewController.swift in Sources */,
			);
			runOnlyForDeploymentPostprocessing = 0;
		};
/* End PBXSourcesBuildPhase section */

/* Begin PBXVariantGroup section */
		1077D12822B4EDAE0064138F /* Main.storyboard */ = {
			isa = PBXVariantGroup;
			children = (
				1077D12922B4EDAE0064138F /* Base */,
			);
			name = Main.storyboard;
			sourceTree = "<group>";
		};
		1077D12D22B4EDAF0064138F /* LaunchScreen.storyboard */ = {
			isa = PBXVariantGroup;
			children = (
				1077D12E22B4EDAF0064138F /* Base */,
			);
			name = LaunchScreen.storyboard;
			sourceTree = "<group>";
		};
/* End PBXVariantGroup section */

/* Begin XCBuildConfiguration section */
		1077D13122B4EDAF0064138F /* Debug */ = {
			isa = XCBuildConfiguration;
			buildSettings = {
				ALWAYS_SEARCH_USER_PATHS = NO;
				CLANG_ANALYZER_NONNULL = YES;
				CLANG_ANALYZER_NUMBER_OBJECT_CONVERSION = YES_AGGRESSIVE;
				CLANG_CXX_LANGUAGE_STANDARD = "gnu++14";
				CLANG_CXX_LIBRARY = "libc++";
				CLANG_ENABLE_MODULES = YES;
				CLANG_ENABLE_OBJC_ARC = YES;
				CLANG_ENABLE_OBJC_WEAK = YES;
				CLANG_WARN_BLOCK_CAPTURE_AUTORELEASING = YES;
				CLANG_WARN_BOOL_CONVERSION = YES;
				CLANG_WARN_COMMA = YES;
				CLANG_WARN_CONSTANT_CONVERSION = YES;
				CLANG_WARN_DEPRECATED_OBJC_IMPLEMENTATIONS = YES;
				CLANG_WARN_DIRECT_OBJC_ISA_USAGE = YES_ERROR;
				CLANG_WARN_DOCUMENTATION_COMMENTS = YES;
				CLANG_WARN_EMPTY_BODY = YES;
				CLANG_WARN_ENUM_CONVERSION = YES;
				CLANG_WARN_INFINITE_RECURSION = YES;
				CLANG_WARN_INT_CONVERSION = YES;
				CLANG_WARN_NON_LITERAL_NULL_CONVERSION = YES;
				CLANG_WARN_OBJC_IMPLICIT_RETAIN_SELF = YES;
				CLANG_WARN_OBJC_LITERAL_CONVERSION = YES;
				CLANG_WARN_OBJC_ROOT_CLASS = YES_ERROR;
				CLANG_WARN_RANGE_LOOP_ANALYSIS = YES;
				CLANG_WARN_STRICT_PROTOTYPES = YES;
				CLANG_WARN_SUSPICIOUS_MOVE = YES;
				CLANG_WARN_UNGUARDED_AVAILABILITY = YES_AGGRESSIVE;
				CLANG_WARN_UNREACHABLE_CODE = YES;
				CLANG_WARN__DUPLICATE_METHOD_MATCH = YES;
				CODE_SIGN_IDENTITY = "iPhone Developer";
				COPY_PHASE_STRIP = NO;
				DEBUG_INFORMATION_FORMAT = dwarf;
				ENABLE_STRICT_OBJC_MSGSEND = YES;
				ENABLE_TESTABILITY = YES;
				GCC_C_LANGUAGE_STANDARD = gnu11;
				GCC_DYNAMIC_NO_PIC = NO;
				GCC_NO_COMMON_BLOCKS = YES;
				GCC_OPTIMIZATION_LEVEL = 0;
				GCC_PREPROCESSOR_DEFINITIONS = (
					"DEBUG=1",
					"$(inherited)",
				);
				GCC_WARN_64_TO_32_BIT_CONVERSION = YES;
				GCC_WARN_ABOUT_RETURN_TYPE = YES_ERROR;
				GCC_WARN_UNDECLARED_SELECTOR = YES;
				GCC_WARN_UNINITIALIZED_AUTOS = YES_AGGRESSIVE;
				GCC_WARN_UNUSED_FUNCTION = YES;
				GCC_WARN_UNUSED_VARIABLE = YES;
				IPHONEOS_DEPLOYMENT_TARGET = 12.2;
				MTL_ENABLE_DEBUG_INFO = INCLUDE_SOURCE;
				MTL_FAST_MATH = YES;
				ONLY_ACTIVE_ARCH = YES;
				SDKROOT = iphoneos;
				SWIFT_ACTIVE_COMPILATION_CONDITIONS = DEBUG;
				SWIFT_OPTIMIZATION_LEVEL = "-Onone";
			};
			name = Debug;
		};
		1077D13222B4EDAF0064138F /* Release */ = {
			isa = XCBuildConfiguration;
			buildSettings = {
				ALWAYS_SEARCH_USER_PATHS = NO;
				CLANG_ANALYZER_NONNULL = YES;
				CLANG_ANALYZER_NUMBER_OBJECT_CONVERSION = YES_AGGRESSIVE;
				CLANG_CXX_LANGUAGE_STANDARD = "gnu++14";
				CLANG_CXX_LIBRARY = "libc++";
				CLANG_ENABLE_MODULES = YES;
				CLANG_ENABLE_OBJC_ARC = YES;
				CLANG_ENABLE_OBJC_WEAK = YES;
				CLANG_WARN_BLOCK_CAPTURE_AUTORELEASING = YES;
				CLANG_WARN_BOOL_CONVERSION = YES;
				CLANG_WARN_COMMA = YES;
				CLANG_WARN_CONSTANT_CONVERSION = YES;
				CLANG_WARN_DEPRECATED_OBJC_IMPLEMENTATIONS = YES;
				CLANG_WARN_DIRECT_OBJC_ISA_USAGE = YES_ERROR;
				CLANG_WARN_DOCUMENTATION_COMMENTS = YES;
				CLANG_WARN_EMPTY_BODY = YES;
				CLANG_WARN_ENUM_CONVERSION = YES;
				CLANG_WARN_INFINITE_RECURSION = YES;
				CLANG_WARN_INT_CONVERSION = YES;
				CLANG_WARN_NON_LITERAL_NULL_CONVERSION = YES;
				CLANG_WARN_OBJC_IMPLICIT_RETAIN_SELF = YES;
				CLANG_WARN_OBJC_LITERAL_CONVERSION = YES;
				CLANG_WARN_OBJC_ROOT_CLASS = YES_ERROR;
				CLANG_WARN_RANGE_LOOP_ANALYSIS = YES;
				CLANG_WARN_STRICT_PROTOTYPES = YES;
				CLANG_WARN_SUSPICIOUS_MOVE = YES;
				CLANG_WARN_UNGUARDED_AVAILABILITY = YES_AGGRESSIVE;
				CLANG_WARN_UNREACHABLE_CODE = YES;
				CLANG_WARN__DUPLICATE_METHOD_MATCH = YES;
				CODE_SIGN_IDENTITY = "iPhone Developer";
				COPY_PHASE_STRIP = NO;
				DEBUG_INFORMATION_FORMAT = "dwarf-with-dsym";
				ENABLE_NS_ASSERTIONS = NO;
				ENABLE_STRICT_OBJC_MSGSEND = YES;
				GCC_C_LANGUAGE_STANDARD = gnu11;
				GCC_NO_COMMON_BLOCKS = YES;
				GCC_WARN_64_TO_32_BIT_CONVERSION = YES;
				GCC_WARN_ABOUT_RETURN_TYPE = YES_ERROR;
				GCC_WARN_UNDECLARED_SELECTOR = YES;
				GCC_WARN_UNINITIALIZED_AUTOS = YES_AGGRESSIVE;
				GCC_WARN_UNUSED_FUNCTION = YES;
				GCC_WARN_UNUSED_VARIABLE = YES;
				IPHONEOS_DEPLOYMENT_TARGET = 12.2;
				MTL_ENABLE_DEBUG_INFO = NO;
				MTL_FAST_MATH = YES;
				SDKROOT = iphoneos;
				SWIFT_COMPILATION_MODE = wholemodule;
				SWIFT_OPTIMIZATION_LEVEL = "-O";
				VALIDATE_PRODUCT = YES;
			};
			name = Release;
		};
		1077D13422B4EDAF0064138F /* Debug */ = {
			isa = XCBuildConfiguration;
			baseConfigurationReference = 672A934F6EDFC039F45C46EE /* Pods-CoordinatorPattern.debug.xcconfig */;
			buildSettings = {
				ASSETCATALOG_COMPILER_APPICON_NAME = AppIcon;
				CODE_SIGN_STYLE = Automatic;
				DEVELOPMENT_TEAM = 9LJZLQ4FN3;
				INFOPLIST_FILE = CoordinatorPattern/Info.plist;
				LD_RUNPATH_SEARCH_PATHS = (
					"$(inherited)",
					"@executable_path/Frameworks",
				);
				PRODUCT_BUNDLE_IDENTIFIER = DDSDeveloper.CoordinatorPattern;
				PRODUCT_NAME = "$(TARGET_NAME)";
				SWIFT_VERSION = 5.0;
				TARGETED_DEVICE_FAMILY = "1,2";
			};
			name = Debug;
		};
		1077D13522B4EDAF0064138F /* Release */ = {
			isa = XCBuildConfiguration;
			baseConfigurationReference = 90511C936ED1449B334A9060 /* Pods-CoordinatorPattern.release.xcconfig */;
			buildSettings = {
				ASSETCATALOG_COMPILER_APPICON_NAME = AppIcon;
				CODE_SIGN_STYLE = Automatic;
				DEVELOPMENT_TEAM = 9LJZLQ4FN3;
				INFOPLIST_FILE = CoordinatorPattern/Info.plist;
				LD_RUNPATH_SEARCH_PATHS = (
					"$(inherited)",
					"@executable_path/Frameworks",
				);
				PRODUCT_BUNDLE_IDENTIFIER = DDSDeveloper.CoordinatorPattern;
				PRODUCT_NAME = "$(TARGET_NAME)";
				SWIFT_VERSION = 5.0;
				TARGETED_DEVICE_FAMILY = "1,2";
			};
			name = Release;
		};
/* End XCBuildConfiguration section */

/* Begin XCConfigurationList section */
		1077D11C22B4EDAD0064138F /* Build configuration list for PBXProject "CoordinatorPattern" */ = {
			isa = XCConfigurationList;
			buildConfigurations = (
				1077D13122B4EDAF0064138F /* Debug */,
				1077D13222B4EDAF0064138F /* Release */,
			);
			defaultConfigurationIsVisible = 0;
			defaultConfigurationName = Release;
		};
		1077D13322B4EDAF0064138F /* Build configuration list for PBXNativeTarget "CoordinatorPattern" */ = {
			isa = XCConfigurationList;
			buildConfigurations = (
				1077D13422B4EDAF0064138F /* Debug */,
				1077D13522B4EDAF0064138F /* Release */,
			);
			defaultConfigurationIsVisible = 0;
			defaultConfigurationName = Release;
		};
/* End XCConfigurationList section */
	};
	rootObject = 1077D11922B4EDAD0064138F /* Project object */;
}
